
Microsoft Visual Studio Solution File, Format Version 12.00
# Visual Studio Version 17
VisualStudioVersion = 17.5.33627.172
MinimumVisualStudioVersion = 10.0.40219.1
Project("{9A19103F-16F7-4668-BE54-9A1E7A4F7556}") = "Net Mock API test", "Net Mock API test\Net Mock API test.csproj", "{A3BF7192-CB9A-47B5-9555-65C0E8098AD1}"
EndProject
Global
	GlobalSection(SolutionConfigurationPlatforms) = preSolution
		Debug|Any CPU = Debug|Any CPU
		Release|Any CPU = Release|Any CPU
	EndGlobalSection
	GlobalSection(ProjectConfigurationPlatforms) = postSolution
		{A3BF7192-CB9A-47B5-9555-65C0E8098AD1}.Debug|Any CPU.ActiveCfg = Debug|Any CPU
		{A3BF7192-CB9A-47B5-9555-65C0E8098AD1}.Debug|Any CPU.Build.0 = Debug|Any CPU
		{A3BF7192-CB9A-47B5-9555-65C0E8098AD1}.Release|Any CPU.ActiveCfg = Release|Any CPU
		{A3BF7192-CB9A-47B5-9555-65C0E8098AD1}.Release|Any CPU.Build.0 = Release|Any CPU
	EndGlobalSection
	GlobalSection(SolutionProperties) = preSolution
		HideSolutionNode = FALSE
	EndGlobalSection
	GlobalSection(ExtensibilityGlobals) = postSolution
		SolutionGuid = {4009D5C5-16BC-42D8-92D2-AE12B4C96705}
	EndGlobalSection
EndGlobal
